
Microsoft Visual Studio Solution File, Format Version 11.00
# Visual Studio 2010
Project("{FAE04EC0-301F-11D3-BF4B-00C04F79EFBC}") = "OpenSpacePlanner.Contracts", "OpenSpacePlanner.Contracts\OpenSpacePlanner.Contracts.csproj", "{C1C767B9-D9E1-4EDA-B4B7-12984F641C8E}"
EndProject
Project("{FAE04EC0-301F-11D3-BF4B-00C04F79EFBC}") = "OpenSpacePlanner.WebApi", "OpenSpacePlanner.WebApi\OpenSpacePlanner.WebApi.csproj", "{A4096DE7-469F-4F5A-8D42-90633DCE9E3C}"
EndProject
Project("{FAE04EC0-301F-11D3-BF4B-00C04F79EFBC}") = "OpenSpacePlanner.Repositories", "OpenSpacePlanner.Repositories\OpenSpacePlanner.Repositories.csproj", "{E0C46F8A-BA5B-47AB-A8E3-67BCB532C0F0}"
EndProject
Project("{FAE04EC0-301F-11D3-BF4B-00C04F79EFBC}") = "OpenSpacePlanner.Repositories.Tests", "OpenSpacePlanner.Repositories.Tests\OpenSpacePlanner.Repositories.Tests.csproj", "{3A469184-157B-4E89-9454-FA19971995ED}"
EndProject
Project("{FAE04EC0-301F-11D3-BF4B-00C04F79EFBC}") = "OpenSpacePlanner.Domain", "OpenSpacePlanner.Domain\OpenSpacePlanner.Domain.csproj", "{D7E9A523-6976-42A3-8D75-B3A03B296F0E}"
EndProject
Project("{FAE04EC0-301F-11D3-BF4B-00C04F79EFBC}") = "OpenSpacePlanner.Domain.Tests", "OpenSpacePlanner.Domain.Tests\OpenSpacePlanner.Domain.Tests.csproj", "{FE7078A5-4BA4-4B62-8EBE-C396CD0FCF98}"
EndProject
Project("{FAE04EC0-301F-11D3-BF4B-00C04F79EFBC}") = "OpenSpacePlanner.Client", "OpenSpacePlanner.Client\OpenSpacePlanner.Client.csproj", "{F6008DA6-BB12-4412-B94F-446C0CAED871}"
EndProject
Project("{FAE04EC0-301F-11D3-BF4B-00C04F79EFBC}") = "OpenSpacePlanner.TestConsole", "OpenSpacePlanner.TestConsole\OpenSpacePlanner.TestConsole.csproj", "{094EB347-27D0-4550-A052-EE525AF204A1}"
EndProject
Project("{FAE04EC0-301F-11D3-BF4B-00C04F79EFBC}") = "OpenSpacePlanner.WebAdmin", "OpenSpacePlanner.WebAdmin\OpenSpacePlanner.WebAdmin.csproj", "{008531FB-84AD-4342-8BC5-F94D1B16CA04}"
EndProject
Project("{FAE04EC0-301F-11D3-BF4B-00C04F79EFBC}") = "OpenSpacePlanner.SessionWeb", "OpenSpacePlanner.SessionWeb\OpenSpacePlanner.SessionWeb.csproj", "{5C83D844-EC87-495F-85B3-539174A8E881}"
EndProject
Global
	GlobalSection(SolutionConfigurationPlatforms) = preSolution
		Debug|Any CPU = Debug|Any CPU
		Debug|Mixed Platforms = Debug|Mixed Platforms
		Debug|x86 = Debug|x86
		Release|Any CPU = Release|Any CPU
		Release|Mixed Platforms = Release|Mixed Platforms
		Release|x86 = Release|x86
	EndGlobalSection
	GlobalSection(ProjectConfigurationPlatforms) = postSolution
		{C1C767B9-D9E1-4EDA-B4B7-12984F641C8E}.Debug|Any CPU.ActiveCfg = Debug|Any CPU
		{C1C767B9-D9E1-4EDA-B4B7-12984F641C8E}.Debug|Any CPU.Build.0 = Debug|Any CPU
		{C1C767B9-D9E1-4EDA-B4B7-12984F641C8E}.Debug|Mixed Platforms.ActiveCfg = Debug|Any CPU
		{C1C767B9-D9E1-4EDA-B4B7-12984F641C8E}.Debug|Mixed Platforms.Build.0 = Debug|Any CPU
		{C1C767B9-D9E1-4EDA-B4B7-12984F641C8E}.Debug|x86.ActiveCfg = Debug|Any CPU
		{C1C767B9-D9E1-4EDA-B4B7-12984F641C8E}.Release|Any CPU.ActiveCfg = Release|Any CPU
		{C1C767B9-D9E1-4EDA-B4B7-12984F641C8E}.Release|Any CPU.Build.0 = Release|Any CPU
		{C1C767B9-D9E1-4EDA-B4B7-12984F641C8E}.Release|Mixed Platforms.ActiveCfg = Release|Any CPU
		{C1C767B9-D9E1-4EDA-B4B7-12984F641C8E}.Release|Mixed Platforms.Build.0 = Release|Any CPU
		{C1C767B9-D9E1-4EDA-B4B7-12984F641C8E}.Release|x86.ActiveCfg = Release|Any CPU
		{A4096DE7-469F-4F5A-8D42-90633DCE9E3C}.Debug|Any CPU.ActiveCfg = Debug|Any CPU
		{A4096DE7-469F-4F5A-8D42-90633DCE9E3C}.Debug|Any CPU.Build.0 = Debug|Any CPU
		{A4096DE7-469F-4F5A-8D42-90633DCE9E3C}.Debug|Mixed Platforms.ActiveCfg = Debug|Any CPU
		{A4096DE7-469F-4F5A-8D42-90633DCE9E3C}.Debug|Mixed Platforms.Build.0 = Debug|Any CPU
		{A4096DE7-469F-4F5A-8D42-90633DCE9E3C}.Debug|x86.ActiveCfg = Debug|Any CPU
		{A4096DE7-469F-4F5A-8D42-90633DCE9E3C}.Release|Any CPU.ActiveCfg = Release|Any CPU
		{A4096DE7-469F-4F5A-8D42-90633DCE9E3C}.Release|Any CPU.Build.0 = Release|Any CPU
		{A4096DE7-469F-4F5A-8D42-90633DCE9E3C}.Release|Mixed Platforms.ActiveCfg = Release|Any CPU
		{A4096DE7-469F-4F5A-8D42-90633DCE9E3C}.Release|Mixed Platforms.Build.0 = Release|Any CPU
		{A4096DE7-469F-4F5A-8D42-90633DCE9E3C}.Release|x86.ActiveCfg = Release|Any CPU
		{E0C46F8A-BA5B-47AB-A8E3-67BCB532C0F0}.Debug|Any CPU.ActiveCfg = Debug|Any CPU
		{E0C46F8A-BA5B-47AB-A8E3-67BCB532C0F0}.Debug|Any CPU.Build.0 = Debug|Any CPU
		{E0C46F8A-BA5B-47AB-A8E3-67BCB532C0F0}.Debug|Mixed Platforms.ActiveCfg = Debug|Any CPU
		{E0C46F8A-BA5B-47AB-A8E3-67BCB532C0F0}.Debug|Mixed Platforms.Build.0 = Debug|Any CPU
		{E0C46F8A-BA5B-47AB-A8E3-67BCB532C0F0}.Debug|x86.ActiveCfg = Debug|Any CPU
		{E0C46F8A-BA5B-47AB-A8E3-67BCB532C0F0}.Release|Any CPU.ActiveCfg = Release|Any CPU
		{E0C46F8A-BA5B-47AB-A8E3-67BCB532C0F0}.Release|Any CPU.Build.0 = Release|Any CPU
		{E0C46F8A-BA5B-47AB-A8E3-67BCB532C0F0}.Release|Mixed Platforms.ActiveCfg = Release|Any CPU
		{E0C46F8A-BA5B-47AB-A8E3-67BCB532C0F0}.Release|Mixed Platforms.Build.0 = Release|Any CPU
		{E0C46F8A-BA5B-47AB-A8E3-67BCB532C0F0}.Release|x86.ActiveCfg = Release|Any CPU
		{3A469184-157B-4E89-9454-FA19971995ED}.Debug|Any CPU.ActiveCfg = Debug|Any CPU
		{3A469184-157B-4E89-9454-FA19971995ED}.Debug|Any CPU.Build.0 = Debug|Any CPU
		{3A469184-157B-4E89-9454-FA19971995ED}.Debug|Mixed Platforms.ActiveCfg = Debug|Any CPU
		{3A469184-157B-4E89-9454-FA19971995ED}.Debug|Mixed Platforms.Build.0 = Debug|Any CPU
		{3A469184-157B-4E89-9454-FA19971995ED}.Debug|x86.ActiveCfg = Debug|Any CPU
		{3A469184-157B-4E89-9454-FA19971995ED}.Release|Any CPU.ActiveCfg = Release|Any CPU
		{3A469184-157B-4E89-9454-FA19971995ED}.Release|Any CPU.Build.0 = Release|Any CPU
		{3A469184-157B-4E89-9454-FA19971995ED}.Release|Mixed Platforms.ActiveCfg = Release|Any CPU
		{3A469184-157B-4E89-9454-FA19971995ED}.Release|Mixed Platforms.Build.0 = Release|Any CPU
		{3A469184-157B-4E89-9454-FA19971995ED}.Release|x86.ActiveCfg = Release|Any CPU
		{D7E9A523-6976-42A3-8D75-B3A03B296F0E}.Debug|Any CPU.ActiveCfg = Debug|Any CPU
		{D7E9A523-6976-42A3-8D75-B3A03B296F0E}.Debug|Any CPU.Build.0 = Debug|Any CPU
		{D7E9A523-6976-42A3-8D75-B3A03B296F0E}.Debug|Mixed Platforms.ActiveCfg = Debug|Any CPU
		{D7E9A523-6976-42A3-8D75-B3A03B296F0E}.Debug|Mixed Platforms.Build.0 = Debug|Any CPU
		{D7E9A523-6976-42A3-8D75-B3A03B296F0E}.Debug|x86.ActiveCfg = Debug|Any CPU
		{D7E9A523-6976-42A3-8D75-B3A03B296F0E}.Release|Any CPU.ActiveCfg = Release|Any CPU
		{D7E9A523-6976-42A3-8D75-B3A03B296F0E}.Release|Any CPU.Build.0 = Release|Any CPU
		{D7E9A523-6976-42A3-8D75-B3A03B296F0E}.Release|Mixed Platforms.ActiveCfg = Release|Any CPU
		{D7E9A523-6976-42A3-8D75-B3A03B296F0E}.Release|Mixed Platforms.Build.0 = Release|Any CPU
		{D7E9A523-6976-42A3-8D75-B3A03B296F0E}.Release|x86.ActiveCfg = Release|Any CPU
		{FE7078A5-4BA4-4B62-8EBE-C396CD0FCF98}.Debug|Any CPU.ActiveCfg = Debug|Any CPU
		{FE7078A5-4BA4-4B62-8EBE-C396CD0FCF98}.Debug|Any CPU.Build.0 = Debug|Any CPU
		{FE7078A5-4BA4-4B62-8EBE-C396CD0FCF98}.Debug|Mixed Platforms.ActiveCfg = Debug|Any CPU
		{FE7078A5-4BA4-4B62-8EBE-C396CD0FCF98}.Debug|Mixed Platforms.Build.0 = Debug|Any CPU
		{FE7078A5-4BA4-4B62-8EBE-C396CD0FCF98}.Debug|x86.ActiveCfg = Debug|Any CPU
		{FE7078A5-4BA4-4B62-8EBE-C396CD0FCF98}.Release|Any CPU.ActiveCfg = Release|Any CPU
		{FE7078A5-4BA4-4B62-8EBE-C396CD0FCF98}.Release|Any CPU.Build.0 = Release|Any CPU
		{FE7078A5-4BA4-4B62-8EBE-C396CD0FCF98}.Release|Mixed Platforms.ActiveCfg = Release|Any CPU
		{FE7078A5-4BA4-4B62-8EBE-C396CD0FCF98}.Release|Mixed Platforms.Build.0 = Release|Any CPU
		{FE7078A5-4BA4-4B62-8EBE-C396CD0FCF98}.Release|x86.ActiveCfg = Release|Any CPU
		{F6008DA6-BB12-4412-B94F-446C0CAED871}.Debug|Any CPU.ActiveCfg = Debug|Any CPU
		{F6008DA6-BB12-4412-B94F-446C0CAED871}.Debug|Any CPU.Build.0 = Debug|Any CPU
		{F6008DA6-BB12-4412-B94F-446C0CAED871}.Debug|Mixed Platforms.ActiveCfg = Debug|Any CPU
		{F6008DA6-BB12-4412-B94F-446C0CAED871}.Debug|Mixed Platforms.Build.0 = Debug|Any CPU
		{F6008DA6-BB12-4412-B94F-446C0CAED871}.Debug|x86.ActiveCfg = Debug|Any CPU
		{F6008DA6-BB12-4412-B94F-446C0CAED871}.Release|Any CPU.ActiveCfg = Release|Any CPU
		{F6008DA6-BB12-4412-B94F-446C0CAED871}.Release|Any CPU.Build.0 = Release|Any CPU
		{F6008DA6-BB12-4412-B94F-446C0CAED871}.Release|Mixed Platforms.ActiveCfg = Release|Any CPU
		{F6008DA6-BB12-4412-B94F-446C0CAED871}.Release|Mixed Platforms.Build.0 = Release|Any CPU
		{F6008DA6-BB12-4412-B94F-446C0CAED871}.Release|x86.ActiveCfg = Release|Any CPU
		{094EB347-27D0-4550-A052-EE525AF204A1}.Debug|Any CPU.ActiveCfg = Debug|x86
		{094EB347-27D0-4550-A052-EE525AF204A1}.Debug|Mixed Platforms.ActiveCfg = Debug|x86
		{094EB347-27D0-4550-A052-EE525AF204A1}.Debug|Mixed Platforms.Build.0 = Debug|x86
		{094EB347-27D0-4550-A052-EE525AF204A1}.Debug|x86.ActiveCfg = Debug|x86
		{094EB347-27D0-4550-A052-EE525AF204A1}.Debug|x86.Build.0 = Debug|x86
		{094EB347-27D0-4550-A052-EE525AF204A1}.Release|Any CPU.ActiveCfg = Release|x86
		{094EB347-27D0-4550-A052-EE525AF204A1}.Release|Mixed Platforms.ActiveCfg = Release|x86
		{094EB347-27D0-4550-A052-EE525AF204A1}.Release|Mixed Platforms.Build.0 = Release|x86
		{094EB347-27D0-4550-A052-EE525AF204A1}.Release|x86.ActiveCfg = Release|x86
		{094EB347-27D0-4550-A052-EE525AF204A1}.Release|x86.Build.0 = Release|x86
		{008531FB-84AD-4342-8BC5-F94D1B16CA04}.Debug|Any CPU.ActiveCfg = Debug|Any CPU
		{008531FB-84AD-4342-8BC5-F94D1B16CA04}.Debug|Any CPU.Build.0 = Debug|Any CPU
		{008531FB-84AD-4342-8BC5-F94D1B16CA04}.Debug|Mixed Platforms.ActiveCfg = Debug|Any CPU
		{008531FB-84AD-4342-8BC5-F94D1B16CA04}.Debug|Mixed Platforms.Build.0 = Debug|Any CPU
		{008531FB-84AD-4342-8BC5-F94D1B16CA04}.Debug|x86.ActiveCfg = Debug|Any CPU
		{008531FB-84AD-4342-8BC5-F94D1B16CA04}.Release|Any CPU.ActiveCfg = Release|Any CPU
		{008531FB-84AD-4342-8BC5-F94D1B16CA04}.Release|Any CPU.Build.0 = Release|Any CPU
		{008531FB-84AD-4342-8BC5-F94D1B16CA04}.Release|Mixed Platforms.ActiveCfg = Release|Any CPU
		{008531FB-84AD-4342-8BC5-F94D1B16CA04}.Release|Mixed Platforms.Build.0 = Release|Any CPU
		{008531FB-84AD-4342-8BC5-F94D1B16CA04}.Release|x86.ActiveCfg = Release|Any CPU
		{5C83D844-EC87-495F-85B3-539174A8E881}.Debug|Any CPU.ActiveCfg = Debug|Any CPU
		{5C83D844-EC87-495F-85B3-539174A8E881}.Debug|Any CPU.Build.0 = Debug|Any CPU
		{5C83D844-EC87-495F-85B3-539174A8E881}.Debug|Mixed Platforms.ActiveCfg = Debug|Any CPU
		{5C83D844-EC87-495F-85B3-539174A8E881}.Debug|Mixed Platforms.Build.0 = Debug|Any CPU
		{5C83D844-EC87-495F-85B3-539174A8E881}.Debug|x86.ActiveCfg = Debug|Any CPU
		{5C83D844-EC87-495F-85B3-539174A8E881}.Release|Any CPU.ActiveCfg = Release|Any CPU
		{5C83D844-EC87-495F-85B3-539174A8E881}.Release|Any CPU.Build.0 = Release|Any CPU
		{5C83D844-EC87-495F-85B3-539174A8E881}.Release|Mixed Platforms.ActiveCfg = Release|Any CPU
		{5C83D844-EC87-495F-85B3-539174A8E881}.Release|Mixed Platforms.Build.0 = Release|Any CPU
		{5C83D844-EC87-495F-85B3-539174A8E881}.Release|x86.ActiveCfg = Release|Any CPU
	EndGlobalSection
	GlobalSection(SolutionProperties) = preSolution
		HideSolutionNode = FALSE
	EndGlobalSection
EndGlobal
